<?xml version="1.0" encoding="utf-8"?>
<EuroPlus.NiceLabel>
  <FileVersion>50</FileVersion>
  <SolutionFileVersion Type="SolutionFileVersion">
    <FileVersion>1</FileVersion>
  </SolutionFileVersion>
  <Id>5dd628a5-00fa-46a8-9b82-0722f109ca2c</Id>
  <Name>Label</Name>
  <SampleValue Type="StringContents" />
  <SolutionType>1</SolutionType>
  <LicenseInfos>
    <Item Type="SolutionLicenseInfo">
      <SerialNumber>DEMO TRIAL</SerialNumber>
    </Item>
  </LicenseInfos>
  <SolutionSummary Type="SolutionSummary">
    <SolutionName>Label</SolutionName>
    <FormatCount>1</FormatCount>
    <HasErrors>True</HasErrors>
  </SolutionSummary>
  <MergeName>Label</MergeName>
</EuroPlus.NiceLabel>